
Microsoft Visual Studio Solution File, Format Version 12.00
# Visual Studio Version 17
VisualStudioVersion = 17.4.33205.214
MinimumVisualStudioVersion = 10.0.40219.1
Project("{9A19103F-16F7-4668-BE54-9A1E7A4F7556}") = "EducationApp.Api", "EducationApp.Api\EducationApp.Api.csproj", "{88E2DEAC-1B1A-4F5A-9530-29CE279D72E5}"
EndProject
Project("{9A19103F-16F7-4668-BE54-9A1E7A4F7556}") = "EducationApp.Core", "EducationApp.Core\EducationApp.Core.csproj", "{62AC14BF-CBCF-44AF-9CDE-7429B259E3EA}"
EndProject
Project("{9A19103F-16F7-4668-BE54-9A1E7A4F7556}") = "EducationApi.Data", "EducationApi.Data\EducationApi.Data.csproj", "{B222AE2E-3DA7-48C9-901A-F86E19C4676D}"
EndProject
Project("{FAE04EC0-301F-11D3-BF4B-00C04F79EFBC}") = "EducationApp.Service", "EducationApp.Service\EducationApp.Service.csproj", "{EC4A5574-AFCB-4562-91E7-F8422E246F73}"
EndProject
Global
	GlobalSection(SolutionConfigurationPlatforms) = preSolution
		Debug|Any CPU = Debug|Any CPU
		Release|Any CPU = Release|Any CPU
	EndGlobalSection
	GlobalSection(ProjectConfigurationPlatforms) = postSolution
		{88E2DEAC-1B1A-4F5A-9530-29CE279D72E5}.Debug|Any CPU.ActiveCfg = Debug|Any CPU
		{88E2DEAC-1B1A-4F5A-9530-29CE279D72E5}.Debug|Any CPU.Build.0 = Debug|Any CPU
		{88E2DEAC-1B1A-4F5A-9530-29CE279D72E5}.Release|Any CPU.ActiveCfg = Release|Any CPU
		{88E2DEAC-1B1A-4F5A-9530-29CE279D72E5}.Release|Any CPU.Build.0 = Release|Any CPU
		{62AC14BF-CBCF-44AF-9CDE-7429B259E3EA}.Debug|Any CPU.ActiveCfg = Debug|Any CPU
		{62AC14BF-CBCF-44AF-9CDE-7429B259E3EA}.Debug|Any CPU.Build.0 = Debug|Any CPU
		{62AC14BF-CBCF-44AF-9CDE-7429B259E3EA}.Release|Any CPU.ActiveCfg = Release|Any CPU
		{62AC14BF-CBCF-44AF-9CDE-7429B259E3EA}.Release|Any CPU.Build.0 = Release|Any CPU
		{B222AE2E-3DA7-48C9-901A-F86E19C4676D}.Debug|Any CPU.ActiveCfg = Debug|Any CPU
		{B222AE2E-3DA7-48C9-901A-F86E19C4676D}.Debug|Any CPU.Build.0 = Debug|Any CPU
		{B222AE2E-3DA7-48C9-901A-F86E19C4676D}.Release|Any CPU.ActiveCfg = Release|Any CPU
		{B222AE2E-3DA7-48C9-901A-F86E19C4676D}.Release|Any CPU.Build.0 = Release|Any CPU
		{EC4A5574-AFCB-4562-91E7-F8422E246F73}.Debug|Any CPU.ActiveCfg = Debug|Any CPU
		{EC4A5574-AFCB-4562-91E7-F8422E246F73}.Debug|Any CPU.Build.0 = Debug|Any CPU
		{EC4A5574-AFCB-4562-91E7-F8422E246F73}.Release|Any CPU.ActiveCfg = Release|Any CPU
		{EC4A5574-AFCB-4562-91E7-F8422E246F73}.Release|Any CPU.Build.0 = Release|Any CPU
	EndGlobalSection
	GlobalSection(SolutionProperties) = preSolution
		HideSolutionNode = FALSE
	EndGlobalSection
	GlobalSection(ExtensibilityGlobals) = postSolution
		SolutionGuid = {6B2D7C81-45B4-4595-9EF1-6D91B6407472}
	EndGlobalSection
EndGlobal
